
Microsoft Visual Studio Solution File, Format Version 12.00
# Visual Studio Version 17
VisualStudioVersion = 17.1.32319.34
MinimumVisualStudioVersion = 10.0.40219.1
Project("{9A19103F-16F7-4668-BE54-9A1E7A4F7556}") = "P01. Sum Adjacent Equal Numbers", "P01. Sum Adjacent Equal Numbers\P01. Sum Adjacent Equal Numbers.csproj", "{9E8F6979-BD7C-426D-B3ED-BCB3C0AF61E6}"
EndProject
Project("{9A19103F-16F7-4668-BE54-9A1E7A4F7556}") = "0_Demo", "0_Demo\0_Demo.csproj", "{FE8E076E-FF99-417F-B52F-1D7B2903D622}"
EndProject
Project("{9A19103F-16F7-4668-BE54-9A1E7A4F7556}") = "P02. Gauss' Trick", "P02. Gauss' Trick\P02. Gauss' Trick.csproj", "{F6AE40B3-2556-4ED1-A756-CDF5B20EC266}"
EndProject
Project("{9A19103F-16F7-4668-BE54-9A1E7A4F7556}") = "P03. Merging Lists", "P03. Merging Lists\P03. Merging Lists.csproj", "{DBE816A4-557C-4EA4-A947-2E5CA6770718}"
EndProject
Project("{9A19103F-16F7-4668-BE54-9A1E7A4F7556}") = "P04. List of Products", "P04. List of Products\P04. List of Products.csproj", "{43D0954C-4E92-4F0F-A460-C0FD52E6FF57}"
EndProject
Project("{FAE04EC0-301F-11D3-BF4B-00C04F79EFBC}") = "P05. Remove Negatives and Reverse", "P05. Remove Negatives and Reverse\P05. Remove Negatives and Reverse.csproj", "{96A858D1-017C-450A-9B54-9BFD9185FD96}"
EndProject
Project("{FAE04EC0-301F-11D3-BF4B-00C04F79EFBC}") = "P06. List Manipulation Basics", "P06. List Manipulation Basics\P06. List Manipulation Basics.csproj", "{AB24D5F5-DCED-4684-89CA-7670E0595311}"
EndProject
Project("{FAE04EC0-301F-11D3-BF4B-00C04F79EFBC}") = "P07. List Manipulation Advanced", "P07. List Manipulation Advanced\P07. List Manipulation Advanced.csproj", "{AD01BF0D-5123-4160-9D1B-A054EC188FB8}"
EndProject
Global
	GlobalSection(SolutionConfigurationPlatforms) = preSolution
		Debug|Any CPU = Debug|Any CPU
		Release|Any CPU = Release|Any CPU
	EndGlobalSection
	GlobalSection(ProjectConfigurationPlatforms) = postSolution
		{9E8F6979-BD7C-426D-B3ED-BCB3C0AF61E6}.Debug|Any CPU.ActiveCfg = Debug|Any CPU
		{9E8F6979-BD7C-426D-B3ED-BCB3C0AF61E6}.Debug|Any CPU.Build.0 = Debug|Any CPU
		{9E8F6979-BD7C-426D-B3ED-BCB3C0AF61E6}.Release|Any CPU.ActiveCfg = Release|Any CPU
		{9E8F6979-BD7C-426D-B3ED-BCB3C0AF61E6}.Release|Any CPU.Build.0 = Release|Any CPU
		{FE8E076E-FF99-417F-B52F-1D7B2903D622}.Debug|Any CPU.ActiveCfg = Debug|Any CPU
		{FE8E076E-FF99-417F-B52F-1D7B2903D622}.Debug|Any CPU.Build.0 = Debug|Any CPU
		{FE8E076E-FF99-417F-B52F-1D7B2903D622}.Release|Any CPU.ActiveCfg = Release|Any CPU
		{FE8E076E-FF99-417F-B52F-1D7B2903D622}.Release|Any CPU.Build.0 = Release|Any CPU
		{F6AE40B3-2556-4ED1-A756-CDF5B20EC266}.Debug|Any CPU.ActiveCfg = Debug|Any CPU
		{F6AE40B3-2556-4ED1-A756-CDF5B20EC266}.Debug|Any CPU.Build.0 = Debug|Any CPU
		{F6AE40B3-2556-4ED1-A756-CDF5B20EC266}.Release|Any CPU.ActiveCfg = Release|Any CPU
		{F6AE40B3-2556-4ED1-A756-CDF5B20EC266}.Release|Any CPU.Build.0 = Release|Any CPU
		{DBE816A4-557C-4EA4-A947-2E5CA6770718}.Debug|Any CPU.ActiveCfg = Debug|Any CPU
		{DBE816A4-557C-4EA4-A947-2E5CA6770718}.Debug|Any CPU.Build.0 = Debug|Any CPU
		{DBE816A4-557C-4EA4-A947-2E5CA6770718}.Release|Any CPU.ActiveCfg = Release|Any CPU
		{DBE816A4-557C-4EA4-A947-2E5CA6770718}.Release|Any CPU.Build.0 = Release|Any CPU
		{43D0954C-4E92-4F0F-A460-C0FD52E6FF57}.Debug|Any CPU.ActiveCfg = Debug|Any CPU
		{43D0954C-4E92-4F0F-A460-C0FD52E6FF57}.Debug|Any CPU.Build.0 = Debug|Any CPU
		{43D0954C-4E92-4F0F-A460-C0FD52E6FF57}.Release|Any CPU.ActiveCfg = Release|Any CPU
		{43D0954C-4E92-4F0F-A460-C0FD52E6FF57}.Release|Any CPU.Build.0 = Release|Any CPU
		{96A858D1-017C-450A-9B54-9BFD9185FD96}.Debug|Any CPU.ActiveCfg = Debug|Any CPU
		{96A858D1-017C-450A-9B54-9BFD9185FD96}.Debug|Any CPU.Build.0 = Debug|Any CPU
		{96A858D1-017C-450A-9B54-9BFD9185FD96}.Release|Any CPU.ActiveCfg = Release|Any CPU
		{96A858D1-017C-450A-9B54-9BFD9185FD96}.Release|Any CPU.Build.0 = Release|Any CPU
		{AB24D5F5-DCED-4684-89CA-7670E0595311}.Debug|Any CPU.ActiveCfg = Debug|Any CPU
		{AB24D5F5-DCED-4684-89CA-7670E0595311}.Debug|Any CPU.Build.0 = Debug|Any CPU
		{AB24D5F5-DCED-4684-89CA-7670E0595311}.Release|Any CPU.ActiveCfg = Release|Any CPU
		{AB24D5F5-DCED-4684-89CA-7670E0595311}.Release|Any CPU.Build.0 = Release|Any CPU
		{AD01BF0D-5123-4160-9D1B-A054EC188FB8}.Debug|Any CPU.ActiveCfg = Debug|Any CPU
		{AD01BF0D-5123-4160-9D1B-A054EC188FB8}.Debug|Any CPU.Build.0 = Debug|Any CPU
		{AD01BF0D-5123-4160-9D1B-A054EC188FB8}.Release|Any CPU.ActiveCfg = Release|Any CPU
		{AD01BF0D-5123-4160-9D1B-A054EC188FB8}.Release|Any CPU.Build.0 = Release|Any CPU
	EndGlobalSection
	GlobalSection(SolutionProperties) = preSolution
		HideSolutionNode = FALSE
	EndGlobalSection
	GlobalSection(ExtensibilityGlobals) = postSolution
		SolutionGuid = {6D1118DE-9A6C-40AB-8B3C-A99ECDCB29EC}
	EndGlobalSection
EndGlobal
