
Microsoft Visual Studio Solution File, Format Version 12.00
# Visual Studio Version 16
VisualStudioVersion = 16.0.32002.261
MinimumVisualStudioVersion = 10.0.40219.1
Project("{FAE04EC0-301F-11D3-BF4B-00C04F79EFBC}") = "MyFirstProject2", "MyFirstProject2\MyFirstProject2.csproj", "{46F8A533-2CDC-4DED-A89E-E394F11481AA}"
EndProject
Global
	GlobalSection(SolutionConfigurationPlatforms) = preSolution
		Debug|Any CPU = Debug|Any CPU
		Release|Any CPU = Release|Any CPU
	EndGlobalSection
	GlobalSection(ProjectConfigurationPlatforms) = postSolution
		{46F8A533-2CDC-4DED-A89E-E394F11481AA}.Debug|Any CPU.ActiveCfg = Debug|Any CPU
		{46F8A533-2CDC-4DED-A89E-E394F11481AA}.Debug|Any CPU.Build.0 = Debug|Any CPU
		{46F8A533-2CDC-4DED-A89E-E394F11481AA}.Release|Any CPU.ActiveCfg = Release|Any CPU
		{46F8A533-2CDC-4DED-A89E-E394F11481AA}.Release|Any CPU.Build.0 = Release|Any CPU
	EndGlobalSection
	GlobalSection(SolutionProperties) = preSolution
		HideSolutionNode = FALSE
	EndGlobalSection
	GlobalSection(ExtensibilityGlobals) = postSolution
		SolutionGuid = {B439B19B-C5CA-4AA1-8D21-3B9A08DBF4A5}
	EndGlobalSection
EndGlobal
