
Microsoft Visual Studio Solution File, Format Version 12.00
# Visual Studio Version 16
VisualStudioVersion = 16.0.32002.261
MinimumVisualStudioVersion = 10.0.40219.1
Project("{FAE04EC0-301F-11D3-BF4B-00C04F79EFBC}") = "Nums1To10", "Nums1To10\Nums1To10.csproj", "{8EBF90C5-8FB3-443F-8D35-CD9850056860}"
EndProject
Global
	GlobalSection(SolutionConfigurationPlatforms) = preSolution
		Debug|Any CPU = Debug|Any CPU
		Release|Any CPU = Release|Any CPU
	EndGlobalSection
	GlobalSection(ProjectConfigurationPlatforms) = postSolution
		{8EBF90C5-8FB3-443F-8D35-CD9850056860}.Debug|Any CPU.ActiveCfg = Debug|Any CPU
		{8EBF90C5-8FB3-443F-8D35-CD9850056860}.Debug|Any CPU.Build.0 = Debug|Any CPU
		{8EBF90C5-8FB3-443F-8D35-CD9850056860}.Release|Any CPU.ActiveCfg = Release|Any CPU
		{8EBF90C5-8FB3-443F-8D35-CD9850056860}.Release|Any CPU.Build.0 = Release|Any CPU
	EndGlobalSection
	GlobalSection(SolutionProperties) = preSolution
		HideSolutionNode = FALSE
	EndGlobalSection
	GlobalSection(ExtensibilityGlobals) = postSolution
		SolutionGuid = {41ECE18E-3A30-4D84-AEC0-F33E378C7F51}
	EndGlobalSection
EndGlobal
