
Microsoft Visual Studio Solution File, Format Version 12.00
# Visual Studio Version 16
VisualStudioVersion = 16.0.32002.261
MinimumVisualStudioVersion = 10.0.40219.1
Project("{9A19103F-16F7-4668-BE54-9A1E7A4F7556}") = "YardGreening", "YardGreening\YardGreening.csproj", "{DB1C38BF-1F11-4991-9E8D-123D3D39135C}"
EndProject
Project("{FAE04EC0-301F-11D3-BF4B-00C04F79EFBC}") = "test", "test\test.csproj", "{132087A5-4861-47F4-8854-9F6C136639AA}"
EndProject
Global
	GlobalSection(SolutionConfigurationPlatforms) = preSolution
		Debug|Any CPU = Debug|Any CPU
		Release|Any CPU = Release|Any CPU
	EndGlobalSection
	GlobalSection(ProjectConfigurationPlatforms) = postSolution
		{DB1C38BF-1F11-4991-9E8D-123D3D39135C}.Debug|Any CPU.ActiveCfg = Debug|Any CPU
		{DB1C38BF-1F11-4991-9E8D-123D3D39135C}.Debug|Any CPU.Build.0 = Debug|Any CPU
		{DB1C38BF-1F11-4991-9E8D-123D3D39135C}.Release|Any CPU.ActiveCfg = Release|Any CPU
		{DB1C38BF-1F11-4991-9E8D-123D3D39135C}.Release|Any CPU.Build.0 = Release|Any CPU
		{132087A5-4861-47F4-8854-9F6C136639AA}.Debug|Any CPU.ActiveCfg = Debug|Any CPU
		{132087A5-4861-47F4-8854-9F6C136639AA}.Debug|Any CPU.Build.0 = Debug|Any CPU
		{132087A5-4861-47F4-8854-9F6C136639AA}.Release|Any CPU.ActiveCfg = Release|Any CPU
		{132087A5-4861-47F4-8854-9F6C136639AA}.Release|Any CPU.Build.0 = Release|Any CPU
	EndGlobalSection
	GlobalSection(SolutionProperties) = preSolution
		HideSolutionNode = FALSE
	EndGlobalSection
	GlobalSection(ExtensibilityGlobals) = postSolution
		SolutionGuid = {69382C4C-D980-49AF-BDA9-1B8C80EB1AE2}
	EndGlobalSection
EndGlobal
