
Microsoft Visual Studio Solution File, Format Version 12.00
# Visual Studio Version 16
VisualStudioVersion = 16.0.32002.261
MinimumVisualStudioVersion = 10.0.40219.1
Project("{FAE04EC0-301F-11D3-BF4B-00C04F79EFBC}") = "PetShop", "PetShop\PetShop.csproj", "{BF889F60-7A9D-4958-BEEC-09D782BD2D64}"
EndProject
Global
	GlobalSection(SolutionConfigurationPlatforms) = preSolution
		Debug|Any CPU = Debug|Any CPU
		Release|Any CPU = Release|Any CPU
	EndGlobalSection
	GlobalSection(ProjectConfigurationPlatforms) = postSolution
		{BF889F60-7A9D-4958-BEEC-09D782BD2D64}.Debug|Any CPU.ActiveCfg = Debug|Any CPU
		{BF889F60-7A9D-4958-BEEC-09D782BD2D64}.Debug|Any CPU.Build.0 = Debug|Any CPU
		{BF889F60-7A9D-4958-BEEC-09D782BD2D64}.Release|Any CPU.ActiveCfg = Release|Any CPU
		{BF889F60-7A9D-4958-BEEC-09D782BD2D64}.Release|Any CPU.Build.0 = Release|Any CPU
	EndGlobalSection
	GlobalSection(SolutionProperties) = preSolution
		HideSolutionNode = FALSE
	EndGlobalSection
	GlobalSection(ExtensibilityGlobals) = postSolution
		SolutionGuid = {859D4D0A-7C48-41CD-9558-DD3987FBDDCB}
	EndGlobalSection
EndGlobal
